// !$*UTF8*$!
{
	archiveVersion = 1;
	classes = {
	};
	objectVersion = 50;
	objects = {

/* Begin PBXBuildFile section */
		D730386125F940490078E33C /* AppDelegate.swift in Sources */ = {isa = PBXBuildFile; fileRef = D730386025F940490078E33C /* AppDelegate.swift */; };
		D730386325F940490078E33C /* SceneDelegate.swift in Sources */ = {isa = PBXBuildFile; fileRef = D730386225F940490078E33C /* SceneDelegate.swift */; };
		D730386525F940490078E33C /* ViewController.swift in Sources */ = {isa = PBXBuildFile; fileRef = D730386425F940490078E33C /* ViewController.swift */; };
		D730386825F940490078E33C /* Main.storyboard in Resources */ = {isa = PBXBuildFile; fileRef = D730386625F940490078E33C /* Main.storyboard */; };
		D730386A25F9404B0078E33C /* Assets.xcassets in Resources */ = {isa = PBXBuildFile; fileRef = D730386925F9404B0078E33C /* Assets.xcassets */; };
		D730386D25F9404B0078E33C /* LaunchScreen.storyboard in Resources */ = {isa = PBXBuildFile; fileRef = D730386B25F9404B0078E33C /* LaunchScreen.storyboard */; };
		D730387C25F94D990078E33C /* Game.swift in Sources */ = {isa = PBXBuildFile; fileRef = D730387B25F94D990078E33C /* Game.swift */; };
/* End PBXBuildFile section */

/* Begin PBXFileReference section */
		D730385D25F940490078E33C /* EdnaLucas_applepie.app */ = {isa = PBXFileReference; explicitFileType = wrapper.application; includeInIndex = 0; path = EdnaLucas_applepie.app; sourceTree = BUILT_PRODUCTS_DIR; };
		D730386025F940490078E33C /* AppDelegate.swift */ = {isa = PBXFileReference; lastKnownFileType = sourcecode.swift; path = AppDelegate.swift; sourceTree = "<group>"; };
		D730386225F940490078E33C /* SceneDelegate.swift */ = {isa = PBXFileReference; lastKnownFileType = sourcecode.swift; path = SceneDelegate.swift; sourceTree = "<group>"; };
		D730386425F940490078E33C /* ViewController.swift */ = {isa = PBXFileReference; lastKnownFileType = sourcecode.swift; path = ViewController.swift; sourceTree = "<group>"; };
		D730386725F940490078E33C /* Base */ = {isa = PBXFileReference; lastKnownFileType = file.storyboard; name = Base; path = Base.lproj/Main.storyboard; sourceTree = "<group>"; };
		D730386925F9404B0078E33C /* Assets.xcassets */ = {isa = PBXFileReference; lastKnownFileType = folder.assetcatalog; path = Assets.xcassets; sourceTree = "<group>"; };
		D730386C25F9404B0078E33C /* Base */ = {isa = PBXFileReference; lastKnownFileType = file.storyboard; name = Base; path = Base.lproj/LaunchScreen.storyboard; sourceTree = "<group>"; };
		D730386E25F9404B0078E33C /* Info.plist */ = {isa = PBXFileReference; lastKnownFileType = text.plist.xml; path = Info.plist; sourceTree = "<group>"; };
		D730387B25F94D990078E33C /* Game.swift */ = {isa = PBXFileReference; lastKnownFileType = sourcecode.swift; path = Game.swift; sourceTree = "<group>"; };
/* End PBXFileReference section */

/* Begin PBXFrameworksBuildPhase section */
		D730385A25F940490078E33C /* Frameworks */ = {
			isa = PBXFrameworksBuildPhase;
			buildActionMask = 2147483647;
			files = (
			);
			runOnlyForDeploymentPostprocessing = 0;
		};
/* End PBXFrameworksBuildPhase section */

/* Begin PBXGroup section */
		D730385425F940490078E33C = {
			isa = PBXGroup;
			children = (
				D730385F25F940490078E33C /* EdnaLucas_applepie */,
				D730385E25F940490078E33C /* Products */,
			);
			sourceTree = "<group>";
		};
		D730385E25F940490078E33C /* Products */ = {
			isa = PBXGroup;
			children = (
				D730385D25F940490078E33C /* EdnaLucas_applepie.app */,
			);
			name = Products;
			sourceTree = "<group>";
		};
		D730385F25F940490078E33C /* EdnaLucas_applepie */ = {
			isa = PBXGroup;
			children = (
				D730386025F940490078E33C /* AppDelegate.swift */,
				D730386225F940490078E33C /* SceneDelegate.swift */,
				D730386425F940490078E33C /* ViewController.swift */,
				D730387B25F94D990078E33C /* Game.swift */,
				D730386625F940490078E33C /* Main.storyboard */,
				D730386925F9404B0078E33C /* Assets.xcassets */,
				D730386B25F9404B0078E33C /* LaunchScreen.storyboard */,
				D730386E25F9404B0078E33C /* Info.plist */,
			);
			path = EdnaLucas_applepie;
			sourceTree = "<group>";
		};
/* End PBXGroup section */

/* Begin PBXNativeTarget section */
		D730385C25F940490078E33C /* EdnaLucas_applepie */ = {
			isa = PBXNativeTarget;
			buildConfigurationList = D730387125F9404B0078E33C /* Build configuration list for PBXNativeTarget "EdnaLucas_applepie" */;
			buildPhases = (
				D730385925F940490078E33C /* Sources */,
				D730385A25F940490078E33C /* Frameworks */,
				D730385B25F940490078E33C /* Resources */,
			);
			buildRules = (
			);
			dependencies = (
			);
			name = EdnaLucas_applepie;
			productName = EdnaLucas_applepie;
			productReference = D730385D25F940490078E33C /* EdnaLucas_applepie.app */;
			productType = "com.apple.product-type.application";
		};
/* End PBXNativeTarget section */

/* Begin PBXProject section */
		D730385525F940490078E33C /* Project object */ = {
			isa = PBXProject;
			attributes = {
				LastSwiftUpdateCheck = 1220;
				LastUpgradeCheck = 1220;
				TargetAttributes = {
					D730385C25F940490078E33C = {
						CreatedOnToolsVersion = 12.2;
					};
				};
			};
			buildConfigurationList = D730385825F940490078E33C /* Build configuration list for PBXProject "EdnaLucas_applepie" */;
			compatibilityVersion = "Xcode 9.3";
			developmentRegion = en;
			hasScannedForEncodings = 0;
			knownRegions = (
				en,
				Base,
			);
			mainGroup = D730385425F940490078E33C;
			productRefGroup = D730385E25F940490078E33C /* Products */;
			projectDirPath = "";
			projectRoot = "";
			targets = (
				D730385C25F940490078E33C /* EdnaLucas_applepie */,
			);
		};
/* End PBXProject section */

/* Begin PBXResourcesBuildPhase section */
		D730385B25F940490078E33C /* Resources */ = {
			isa = PBXResourcesBuildPhase;
			buildActionMask = 2147483647;
			files = (
				D730386D25F9404B0078E33C /* LaunchScreen.storyboard in Resources */,
				D730386A25F9404B0078E33C /* Assets.xcassets in Resources */,
				D730386825F940490078E33C /* Main.storyboard in Resources */,
			);
			runOnlyForDeploymentPostprocessing = 0;
		};
/* End PBXResourcesBuildPhase section */

/* Begin PBXSourcesBuildPhase section */
		D730385925F940490078E33C /* Sources */ = {
			isa = PBXSourcesBuildPhase;
			buildActionMask = 2147483647;
			files = (
				D730386525F940490078E33C /* ViewController.swift in Sources */,
				D730386125F940490078E33C /* AppDelegate.swift in Sources */,
				D730386325F940490078E33C /* SceneDelegate.swift in Sources */,
				D730387C25F94D990078E33C /* Game.swift in Sources */,
			);
			runOnlyForDeploymentPostprocessing = 0;
		};
/* End PBXSourcesBuildPhase section */

/* Begin PBXVariantGroup section */
		D730386625F940490078E33C /* Main.storyboard */ = {
			isa = PBXVariantGroup;
			children = (
				D730386725F940490078E33C /* Base */,
			);
			name = Main.storyboard;
			sourceTree = "<group>";
		};
		D730386B25F9404B0078E33C /* LaunchScreen.storyboard */ = {
			isa = PBXVariantGroup;
			children = (
				D730386C25F9404B0078E33C /* Base */,
			);
			name = LaunchScreen.storyboard;
			sourceTree = "<group>";
		};
/* End PBXVariantGroup section */

/* Begin XCBuildConfiguration section */
		D730386F25F9404B0078E33C /* Debug */ = {
			isa = XCBuildConfiguration;
			buildSettings = {
				ALWAYS_SEARCH_USER_PATHS = NO;
				CLANG_ANALYZER_NONNULL = YES;
				CLANG_ANALYZER_NUMBER_OBJECT_CONVERSION = YES_AGGRESSIVE;
				CLANG_CXX_LANGUAGE_STANDARD = "gnu++14";
				CLANG_CXX_LIBRARY = "libc++";
				CLANG_ENABLE_MODULES = YES;
				CLANG_ENABLE_OBJC_ARC = YES;
				CLANG_ENABLE_OBJC_WEAK = YES;
				CLANG_WARN_BLOCK_CAPTURE_AUTORELEASING = YES;
				CLANG_WARN_BOOL_CONVERSION = YES;
				CLANG_WARN_COMMA = YES;
				CLANG_WARN_CONSTANT_CONVERSION = YES;
				CLANG_WARN_DEPRECATED_OBJC_IMPLEMENTATIONS = YES;
				CLANG_WARN_DIRECT_OBJC_ISA_USAGE = YES_ERROR;
				CLANG_WARN_DOCUMENTATION_COMMENTS = YES;
				CLANG_WARN_EMPTY_BODY = YES;
				CLANG_WARN_ENUM_CONVERSION = YES;
				CLANG_WARN_INFINITE_RECURSION = YES;
				CLANG_WARN_INT_CONVERSION = YES;
				CLANG_WARN_NON_LITERAL_NULL_CONVERSION = YES;
				CLANG_WARN_OBJC_IMPLICIT_RETAIN_SELF = YES;
				CLANG_WARN_OBJC_LITERAL_CONVERSION = YES;
				CLANG_WARN_OBJC_ROOT_CLASS = YES_ERROR;
				CLANG_WARN_QUOTED_INCLUDE_IN_FRAMEWORK_HEADER = YES;
				CLANG_WARN_RANGE_LOOP_ANALYSIS = YES;
				CLANG_WARN_STRICT_PROTOTYPES = YES;
				CLANG_WARN_SUSPICIOUS_MOVE = YES;
				CLANG_WARN_UNGUARDED_AVAILABILITY = YES_AGGRESSIVE;
				CLANG_WARN_UNREACHABLE_CODE = YES;
				CLANG_WARN__DUPLICATE_METHOD_MATCH = YES;
				COPY_PHASE_STRIP = NO;
				DEBUG_INFORMATION_FORMAT = dwarf;
				ENABLE_STRICT_OBJC_MSGSEND = YES;
				ENABLE_TESTABILITY = YES;
				GCC_C_LANGUAGE_STANDARD = gnu11;
				GCC_DYNAMIC_NO_PIC = NO;
				GCC_NO_COMMON_BLOCKS = YES;
				GCC_OPTIMIZATION_LEVEL = 0;
				GCC_PREPROCESSOR_DEFINITIONS = (
					"DEBUG=1",
					"$(inherited)",
				);
				GCC_WARN_64_TO_32_BIT_CONVERSION = YES;
				GCC_WARN_ABOUT_RETURN_TYPE = YES_ERROR;
				GCC_WARN_UNDECLARED_SELECTOR = YES;
				GCC_WARN_UNINITIALIZED_AUTOS = YES_AGGRESSIVE;
				GCC_WARN_UNUSED_FUNCTION = YES;
				GCC_WARN_UNUSED_VARIABLE = YES;
				IPHONEOS_DEPLOYMENT_TARGET = 14.2;
				MTL_ENABLE_DEBUG_INFO = INCLUDE_SOURCE;
				MTL_FAST_MATH = YES;
				ONLY_ACTIVE_ARCH = YES;
				SDKROOT = iphoneos;
				SWIFT_ACTIVE_COMPILATION_CONDITIONS = DEBUG;
				SWIFT_OPTIMIZATION_LEVEL = "-Onone";
			};
			name = Debug;
		};
		D730387025F9404B0078E33C /* Release */ = {
			isa = XCBuildConfiguration;
			buildSettings = {
				ALWAYS_SEARCH_USER_PATHS = NO;
				CLANG_ANALYZER_NONNULL = YES;
				CLANG_ANALYZER_NUMBER_OBJECT_CONVERSION = YES_AGGRESSIVE;
				CLANG_CXX_LANGUAGE_STANDARD = "gnu++14";
				CLANG_CXX_LIBRARY = "libc++";
				CLANG_ENABLE_MODULES = YES;
				CLANG_ENABLE_OBJC_ARC = YES;
				CLANG_ENABLE_OBJC_WEAK = YES;
				CLANG_WARN_BLOCK_CAPTURE_AUTORELEASING = YES;
				CLANG_WARN_BOOL_CONVERSION = YES;
				CLANG_WARN_COMMA = YES;
				CLANG_WARN_CONSTANT_CONVERSION = YES;
				CLANG_WARN_DEPRECATED_OBJC_IMPLEMENTATIONS = YES;
				CLANG_WARN_DIRECT_OBJC_ISA_USAGE = YES_ERROR;
				CLANG_WARN_DOCUMENTATION_COMMENTS = YES;
				CLANG_WARN_EMPTY_BODY = YES;
				CLANG_WARN_ENUM_CONVERSION = YES;
				CLANG_WARN_INFINITE_RECURSION = YES;
				CLANG_WARN_INT_CONVERSION = YES;
				CLANG_WARN_NON_LITERAL_NULL_CONVERSION = YES;
				CLANG_WARN_OBJC_IMPLICIT_RETAIN_SELF = YES;
				CLANG_WARN_OBJC_LITERAL_CONVERSION = YES;
				CLANG_WARN_OBJC_ROOT_CLASS = YES_ERROR;
				CLANG_WARN_QUOTED_INCLUDE_IN_FRAMEWORK_HEADER = YES;
				CLANG_WARN_RANGE_LOOP_ANALYSIS = YES;
				CLANG_WARN_STRICT_PROTOTYPES = YES;
				CLANG_WARN_SUSPICIOUS_MOVE = YES;
				CLANG_WARN_UNGUARDED_AVAILABILITY = YES_AGGRESSIVE;
				CLANG_WARN_UNREACHABLE_CODE = YES;
				CLANG_WARN__DUPLICATE_METHOD_MATCH = YES;
				COPY_PHASE_STRIP = NO;
				DEBUG_INFORMATION_FORMAT = "dwarf-with-dsym";
				ENABLE_NS_ASSERTIONS = NO;
				ENABLE_STRICT_OBJC_MSGSEND = YES;
				GCC_C_LANGUAGE_STANDARD = gnu11;
				GCC_NO_COMMON_BLOCKS = YES;
				GCC_WARN_64_TO_32_BIT_CONVERSION = YES;
				GCC_WARN_ABOUT_RETURN_TYPE = YES_ERROR;
				GCC_WARN_UNDECLARED_SELECTOR = YES;
				GCC_WARN_UNINITIALIZED_AUTOS = YES_AGGRESSIVE;
				GCC_WARN_UNUSED_FUNCTION = YES;
				GCC_WARN_UNUSED_VARIABLE = YES;
				IPHONEOS_DEPLOYMENT_TARGET = 14.2;
				MTL_ENABLE_DEBUG_INFO = NO;
				MTL_FAST_MATH = YES;
				SDKROOT = iphoneos;
				SWIFT_COMPILATION_MODE = wholemodule;
				SWIFT_OPTIMIZATION_LEVEL = "-O";
				VALIDATE_PRODUCT = YES;
			};
			name = Release;
		};
		D730387225F9404B0078E33C /* Debug */ = {
			isa = XCBuildConfiguration;
			buildSettings = {
				ASSETCATALOG_COMPILER_APPICON_NAME = AppIcon;
				ASSETCATALOG_COMPILER_GLOBAL_ACCENT_COLOR_NAME = AccentColor;
				CODE_SIGN_STYLE = Automatic;
				INFOPLIST_FILE = EdnaLucas_applepie/Info.plist;
				LD_RUNPATH_SEARCH_PATHS = (
					"$(inherited)",
					"@executable_path/Frameworks",
				);
				PRODUCT_BUNDLE_IDENTIFIER = "com.EdnaLucasEspinal.EdnaLucas-applepie";
				PRODUCT_NAME = "$(TARGET_NAME)";
				SWIFT_VERSION = 5.0;
				TARGETED_DEVICE_FAMILY = 2;
			};
			name = Debug;
		};
		D730387325F9404B0078E33C /* Release */ = {
			isa = XCBuildConfiguration;
			buildSettings = {
				ASSETCATALOG_COMPILER_APPICON_NAME = AppIcon;
				ASSETCATALOG_COMPILER_GLOBAL_ACCENT_COLOR_NAME = AccentColor;
				CODE_SIGN_STYLE = Automatic;
				INFOPLIST_FILE = EdnaLucas_applepie/Info.plist;
				LD_RUNPATH_SEARCH_PATHS = (
					"$(inherited)",
					"@executable_path/Frameworks",
				);
				PRODUCT_BUNDLE_IDENTIFIER = "com.EdnaLucasEspinal.EdnaLucas-applepie";
				PRODUCT_NAME = "$(TARGET_NAME)";
				SWIFT_VERSION = 5.0;
				TARGETED_DEVICE_FAMILY = 2;
			};
			name = Release;
		};
/* End XCBuildConfiguration section */

/* Begin XCConfigurationList section */
		D730385825F940490078E33C /* Build configuration list for PBXProject "EdnaLucas_applepie" */ = {
			isa = XCConfigurationList;
			buildConfigurations = (
				D730386F25F9404B0078E33C /* Debug */,
				D730387025F9404B0078E33C /* Release */,
			);
			defaultConfigurationIsVisible = 0;
			defaultConfigurationName = Release;
		};
		D730387125F9404B0078E33C /* Build configuration list for PBXNativeTarget "EdnaLucas_applepie" */ = {
			isa = XCConfigurationList;
			buildConfigurations = (
				D730387225F9404B0078E33C /* Debug */,
				D730387325F9404B0078E33C /* Release */,
			);
			defaultConfigurationIsVisible = 0;
			defaultConfigurationName = Release;
		};
/* End XCConfigurationList section */
	};
	rootObject = D730385525F940490078E33C /* Project object */;
}
